
Microsoft Visual Studio Solution File, Format Version 12.00
# Visual Studio Version 16
VisualStudioVersion = 16.0.33027.164
MinimumVisualStudioVersion = 10.0.40219.1
Project("{FAE04EC0-301F-11D3-BF4B-00C04F79EFBC}") = "Freelance_Platform", "Freelance_Platform\Freelance_Platform.csproj", "{4A320FE3-09D4-4E7F-A531-B1A59314B4D0}"
EndProject
Global
	GlobalSection(SolutionConfigurationPlatforms) = preSolution
		Debug|Any CPU = Debug|Any CPU
		Release|Any CPU = Release|Any CPU
	EndGlobalSection
	GlobalSection(ProjectConfigurationPlatforms) = postSolution
		{4A320FE3-09D4-4E7F-A531-B1A59314B4D0}.Debug|Any CPU.ActiveCfg = Debug|Any CPU
		{4A320FE3-09D4-4E7F-A531-B1A59314B4D0}.Debug|Any CPU.Build.0 = Debug|Any CPU
		{4A320FE3-09D4-4E7F-A531-B1A59314B4D0}.Release|Any CPU.ActiveCfg = Release|Any CPU
		{4A320FE3-09D4-4E7F-A531-B1A59314B4D0}.Release|Any CPU.Build.0 = Release|Any CPU
	EndGlobalSection
	GlobalSection(SolutionProperties) = preSolution
		HideSolutionNode = FALSE
	EndGlobalSection
	GlobalSection(ExtensibilityGlobals) = postSolution
		SolutionGuid = {384D978E-71DB-48FE-89E4-1E0D5ED6698C}
	EndGlobalSection
EndGlobal
